
Microsoft Visual Studio Solution File, Format Version 12.00
# Visual Studio 15
VisualStudioVersion = 15.0.27130.2026
MinimumVisualStudioVersion = 10.0.40219.1
Project("{FAE04EC0-301F-11D3-BF4B-00C04F79EFBC}") = "BackgroundFetchDemo", "BackgroundFetchDemo\BackgroundFetchDemo.csproj", "{006631C9-0BC7-4951-8D5E-99D779488154}"
EndProject
Global
	GlobalSection(SolutionConfigurationPlatforms) = preSolution
		Debug|iPhone = Debug|iPhone
		Debug|iPhoneSimulator = Debug|iPhoneSimulator
		Release|iPhone = Release|iPhone
		Release|iPhoneSimulator = Release|iPhoneSimulator
	EndGlobalSection
	GlobalSection(ProjectConfigurationPlatforms) = postSolution
		{006631C9-0BC7-4951-8D5E-99D779488154}.Debug|iPhone.ActiveCfg = Debug|iPhone
		{006631C9-0BC7-4951-8D5E-99D779488154}.Debug|iPhone.Build.0 = Debug|iPhone
		{006631C9-0BC7-4951-8D5E-99D779488154}.Debug|iPhoneSimulator.ActiveCfg = Debug|iPhoneSimulator
		{006631C9-0BC7-4951-8D5E-99D779488154}.Debug|iPhoneSimulator.Build.0 = Debug|iPhoneSimulator
		{006631C9-0BC7-4951-8D5E-99D779488154}.Release|iPhone.ActiveCfg = Release|iPhone
		{006631C9-0BC7-4951-8D5E-99D779488154}.Release|iPhone.Build.0 = Release|iPhone
		{006631C9-0BC7-4951-8D5E-99D779488154}.Release|iPhoneSimulator.ActiveCfg = Release|iPhoneSimulator
		{006631C9-0BC7-4951-8D5E-99D779488154}.Release|iPhoneSimulator.Build.0 = Release|iPhoneSimulator
	EndGlobalSection
	GlobalSection(SolutionProperties) = preSolution
		HideSolutionNode = FALSE
	EndGlobalSection
	GlobalSection(ExtensibilityGlobals) = postSolution
		SolutionGuid = {7D3BFE60-EC3B-4CAD-B6BD-60671E4E9122}
	EndGlobalSection
EndGlobal
